
Microsoft Visual Studio Solution File, Format Version 12.00
# Visual Studio Version 17
VisualStudioVersion = 17.4.33122.133
MinimumVisualStudioVersion = 10.0.40219.1
Project("{FAE04EC0-301F-11D3-BF4B-00C04F79EFBC}") = "RecapProject1", "RecapProject1\RecapProject1.csproj", "{247D9190-F084-4B78-A903-725CAF425344}"
EndProject
Global
	GlobalSection(SolutionConfigurationPlatforms) = preSolution
		Debug|Any CPU = Debug|Any CPU
		Release|Any CPU = Release|Any CPU
	EndGlobalSection
	GlobalSection(ProjectConfigurationPlatforms) = postSolution
		{247D9190-F084-4B78-A903-725CAF425344}.Debug|Any CPU.ActiveCfg = Debug|Any CPU
		{247D9190-F084-4B78-A903-725CAF425344}.Debug|Any CPU.Build.0 = Debug|Any CPU
		{247D9190-F084-4B78-A903-725CAF425344}.Release|Any CPU.ActiveCfg = Release|Any CPU
		{247D9190-F084-4B78-A903-725CAF425344}.Release|Any CPU.Build.0 = Release|Any CPU
	EndGlobalSection
	GlobalSection(SolutionProperties) = preSolution
		HideSolutionNode = FALSE
	EndGlobalSection
	GlobalSection(ExtensibilityGlobals) = postSolution
		SolutionGuid = {65941580-FCF9-4E8E-863E-6D4CBA98AA7D}
	EndGlobalSection
EndGlobal
